
Microsoft Visual Studio Solution File, Format Version 12.00
# Visual Studio Version 16
VisualStudioVersion = 16.0.29418.71
MinimumVisualStudioVersion = 10.0.40219.1
Project("{FAE04EC0-301F-11D3-BF4B-00C04F79EFBC}") = "Snake", "Snake\Snake.csproj", "{5AE4DEB9-BCCD-44F1-8A59-D1452E2E522D}"
EndProject
Project("{9A19103F-16F7-4668-BE54-9A1E7A4F7556}") = "SnakeClassLibrary", "SnakeClassLibrary\SnakeClassLibrary.csproj", "{90584738-E4F3-44EF-B680-803D2E629099}"
EndProject
Project("{54435603-DBB4-11D2-8724-00A0C9A8B90C}") = "Instalator", "Instalator\Instalator.vdproj", "{F6431AA8-C742-41DF-8368-F2E958EE3795}"
EndProject
Global
	GlobalSection(SolutionConfigurationPlatforms) = preSolution
		Debug|Any CPU = Debug|Any CPU
		Release|Any CPU = Release|Any CPU
	EndGlobalSection
	GlobalSection(ProjectConfigurationPlatforms) = postSolution
		{5AE4DEB9-BCCD-44F1-8A59-D1452E2E522D}.Debug|Any CPU.ActiveCfg = Debug|Any CPU
		{5AE4DEB9-BCCD-44F1-8A59-D1452E2E522D}.Debug|Any CPU.Build.0 = Debug|Any CPU
		{5AE4DEB9-BCCD-44F1-8A59-D1452E2E522D}.Release|Any CPU.ActiveCfg = Release|Any CPU
		{5AE4DEB9-BCCD-44F1-8A59-D1452E2E522D}.Release|Any CPU.Build.0 = Release|Any CPU
		{90584738-E4F3-44EF-B680-803D2E629099}.Debug|Any CPU.ActiveCfg = Debug|Any CPU
		{90584738-E4F3-44EF-B680-803D2E629099}.Debug|Any CPU.Build.0 = Debug|Any CPU
		{90584738-E4F3-44EF-B680-803D2E629099}.Release|Any CPU.ActiveCfg = Release|Any CPU
		{90584738-E4F3-44EF-B680-803D2E629099}.Release|Any CPU.Build.0 = Release|Any CPU
		{F6431AA8-C742-41DF-8368-F2E958EE3795}.Debug|Any CPU.ActiveCfg = Debug
		{F6431AA8-C742-41DF-8368-F2E958EE3795}.Debug|Any CPU.Build.0 = Debug
		{F6431AA8-C742-41DF-8368-F2E958EE3795}.Release|Any CPU.ActiveCfg = Release
	EndGlobalSection
	GlobalSection(SolutionProperties) = preSolution
		HideSolutionNode = FALSE
	EndGlobalSection
	GlobalSection(ExtensibilityGlobals) = postSolution
		SolutionGuid = {8AB5ED02-BC27-47C6-8DC2-71AD67D2DABD}
	EndGlobalSection
EndGlobal
